
Microsoft Visual Studio Solution File, Format Version 12.00
Project("{FAE04EC0-301F-11D3-BF4B-00C04F79EFBC}") = "Coplt.UI.BoxLayout", "Coplt.UI.BoxLayout\Coplt.UI.BoxLayout.csproj", "{B8B64E8A-889E-4459-96AC-9B71BF10F1B3}"
EndProject
Project("{FAE04EC0-301F-11D3-BF4B-00C04F79EFBC}") = "Coplt.SoftGraphics", "Coplt.SoftGraphics\Coplt.SoftGraphics.csproj", "{37B9F5AD-DFF3-4D40-951D-608C8AB497A1}"
EndProject
Project("{FAE04EC0-301F-11D3-BF4B-00C04F79EFBC}") = "Coplt.UI", "Coplt.UI\Coplt.UI.csproj", "{3B5A784A-3D5A-45AC-ABBC-B050BAFA43CB}"
EndProject
Project("{FAE04EC0-301F-11D3-BF4B-00C04F79EFBC}") = "Benchmark", "Benchmark\Benchmark.csproj", "{4F762AA7-54C7-4665-A698-CDFEDBA7ED1E}"
EndProject
Project("{FAE04EC0-301F-11D3-BF4B-00C04F79EFBC}") = "Coplt.UI.Document", "Coplt.UI.Document\Coplt.UI.Document.csproj", "{802A7E46-2871-4454-A383-067A435EE82F}"
EndProject
Project("{FAE04EC0-301F-11D3-BF4B-00C04F79EFBC}") = "Coplt.UI.Utilities", "Coplt.UI.Utilities\Coplt.UI.Utilities.csproj", "{DEFAD602-FE3A-4461-B5BE-470C18817F31}"
EndProject
Project("{FAE04EC0-301F-11D3-BF4B-00C04F79EFBC}") = "Coplt.UI.Rendering.Gpu", "Coplt.UI.Rendering.Gpu\Coplt.UI.Rendering.Gpu.csproj", "{A9DE4250-16B5-42ED-B502-006BABAE908A}"
EndProject
Project("{FAE04EC0-301F-11D3-BF4B-00C04F79EFBC}") = "TestGpu1", "Tests\TestGpu1\TestGpu1.csproj", "{12CB8A6C-0BA8-45D2-8571-F731BB5D98ED}"
EndProject
Project("{2150E333-8FDC-42A3-9474-1A3956D46DE8}") = "Tests", "Tests", "{53E3F113-9383-4B7C-A260-B2A6B21AFEC8}"
EndProject
Project("{FAE04EC0-301F-11D3-BF4B-00C04F79EFBC}") = "Coplt.UI.Rendering.Gpu.D3d12", "Coplt.UI.Rendering.Gpu.D3d12\Coplt.UI.Rendering.Gpu.D3d12.csproj", "{ED2A920D-F224-4702-9563-CE571DDADAEF}"
EndProject
Project("{FAE04EC0-301F-11D3-BF4B-00C04F79EFBC}") = "Coplt.UI.Core", "Coplt.UI.Core\Coplt.UI.Core.csproj", "{B0E76F22-C8EC-41B7-8ED8-9B7CB418910C}"
EndProject
Project("{2150E333-8FDC-42A3-9474-1A3956D46DE8}") = "Com", "Com", "{AC8BE173-EAB8-4F09-B112-3DF4CDAA26D6}"
EndProject
Project("{FAE04EC0-301F-11D3-BF4B-00C04F79EFBC}") = "Coplt.Com2", "Coplt.Com2\Coplt.Com2\Coplt.Com2.csproj", "{2360A4BB-FDBA-4A81-AFA0-E1671E7F5209}"
EndProject
Project("{FAE04EC0-301F-11D3-BF4B-00C04F79EFBC}") = "Coplt.Com2.DefineModel", "Coplt.Com2\Coplt.Com2.DefineModel\Coplt.Com2.DefineModel.csproj", "{AEC9BC91-BBD9-49FA-9D6B-DF6524EA2EFB}"
EndProject
Project("{FAE04EC0-301F-11D3-BF4B-00C04F79EFBC}") = "Coplt.Com", "Coplt.Com2\Coplt.Com\Coplt.Com.csproj", "{E6F09599-6C48-4D09-976F-2309884E1924}"
EndProject
Project("{FAE04EC0-301F-11D3-BF4B-00C04F79EFBC}") = "Coplt.Com2.Analyzer", "Coplt.Com2\Coplt.Com2.Analyzer\Coplt.Com2.Analyzer.csproj", "{A75D2C13-1380-42AE-A461-002934C13F81}"
EndProject
Project("{FAE04EC0-301F-11D3-BF4B-00C04F79EFBC}") = "Tests1", "Tests\Tests1\Tests1.csproj", "{AA5B0D96-B909-4520-8C48-81E8A7D372F8}"
EndProject
Project("{FAE04EC0-301F-11D3-BF4B-00C04F79EFBC}") = "TestCore", "Tests\TestCore\TestCore.csproj", "{DCD9F6EF-33C1-4DEF-AEF8-8610A7E8DC06}"
EndProject
Project("{FAE04EC0-301F-11D3-BF4B-00C04F79EFBC}") = "TestVirtualGenericAot", "Tests\TestVirtualGenericAot\TestVirtualGenericAot.csproj", "{DEAE04F6-29B5-4879-89FE-9EAAAB77B9E3}"
EndProject
Global
	GlobalSection(SolutionConfigurationPlatforms) = preSolution
		Debug|Any CPU = Debug|Any CPU
		Release|Any CPU = Release|Any CPU
	EndGlobalSection
	GlobalSection(ProjectConfigurationPlatforms) = postSolution
		{B8B64E8A-889E-4459-96AC-9B71BF10F1B3}.Debug|Any CPU.ActiveCfg = Debug|Any CPU
		{B8B64E8A-889E-4459-96AC-9B71BF10F1B3}.Debug|Any CPU.Build.0 = Debug|Any CPU
		{B8B64E8A-889E-4459-96AC-9B71BF10F1B3}.Release|Any CPU.ActiveCfg = Release|Any CPU
		{B8B64E8A-889E-4459-96AC-9B71BF10F1B3}.Release|Any CPU.Build.0 = Release|Any CPU
		{37B9F5AD-DFF3-4D40-951D-608C8AB497A1}.Debug|Any CPU.ActiveCfg = Debug|Any CPU
		{37B9F5AD-DFF3-4D40-951D-608C8AB497A1}.Debug|Any CPU.Build.0 = Debug|Any CPU
		{37B9F5AD-DFF3-4D40-951D-608C8AB497A1}.Release|Any CPU.ActiveCfg = Release|Any CPU
		{37B9F5AD-DFF3-4D40-951D-608C8AB497A1}.Release|Any CPU.Build.0 = Release|Any CPU
		{3B5A784A-3D5A-45AC-ABBC-B050BAFA43CB}.Debug|Any CPU.ActiveCfg = Debug|Any CPU
		{3B5A784A-3D5A-45AC-ABBC-B050BAFA43CB}.Debug|Any CPU.Build.0 = Debug|Any CPU
		{3B5A784A-3D5A-45AC-ABBC-B050BAFA43CB}.Release|Any CPU.ActiveCfg = Release|Any CPU
		{3B5A784A-3D5A-45AC-ABBC-B050BAFA43CB}.Release|Any CPU.Build.0 = Release|Any CPU
		{4F762AA7-54C7-4665-A698-CDFEDBA7ED1E}.Debug|Any CPU.ActiveCfg = Debug|Any CPU
		{4F762AA7-54C7-4665-A698-CDFEDBA7ED1E}.Debug|Any CPU.Build.0 = Debug|Any CPU
		{4F762AA7-54C7-4665-A698-CDFEDBA7ED1E}.Release|Any CPU.ActiveCfg = Release|Any CPU
		{4F762AA7-54C7-4665-A698-CDFEDBA7ED1E}.Release|Any CPU.Build.0 = Release|Any CPU
		{802A7E46-2871-4454-A383-067A435EE82F}.Debug|Any CPU.ActiveCfg = Debug|Any CPU
		{802A7E46-2871-4454-A383-067A435EE82F}.Debug|Any CPU.Build.0 = Debug|Any CPU
		{802A7E46-2871-4454-A383-067A435EE82F}.Release|Any CPU.ActiveCfg = Release|Any CPU
		{802A7E46-2871-4454-A383-067A435EE82F}.Release|Any CPU.Build.0 = Release|Any CPU
		{DEFAD602-FE3A-4461-B5BE-470C18817F31}.Debug|Any CPU.ActiveCfg = Debug|Any CPU
		{DEFAD602-FE3A-4461-B5BE-470C18817F31}.Debug|Any CPU.Build.0 = Debug|Any CPU
		{DEFAD602-FE3A-4461-B5BE-470C18817F31}.Release|Any CPU.ActiveCfg = Release|Any CPU
		{DEFAD602-FE3A-4461-B5BE-470C18817F31}.Release|Any CPU.Build.0 = Release|Any CPU
		{A9DE4250-16B5-42ED-B502-006BABAE908A}.Debug|Any CPU.ActiveCfg = Debug|Any CPU
		{A9DE4250-16B5-42ED-B502-006BABAE908A}.Debug|Any CPU.Build.0 = Debug|Any CPU
		{A9DE4250-16B5-42ED-B502-006BABAE908A}.Release|Any CPU.ActiveCfg = Release|Any CPU
		{A9DE4250-16B5-42ED-B502-006BABAE908A}.Release|Any CPU.Build.0 = Release|Any CPU
		{12CB8A6C-0BA8-45D2-8571-F731BB5D98ED}.Debug|Any CPU.ActiveCfg = Debug|Any CPU
		{12CB8A6C-0BA8-45D2-8571-F731BB5D98ED}.Debug|Any CPU.Build.0 = Debug|Any CPU
		{12CB8A6C-0BA8-45D2-8571-F731BB5D98ED}.Release|Any CPU.ActiveCfg = Release|Any CPU
		{12CB8A6C-0BA8-45D2-8571-F731BB5D98ED}.Release|Any CPU.Build.0 = Release|Any CPU
		{ED2A920D-F224-4702-9563-CE571DDADAEF}.Debug|Any CPU.ActiveCfg = Debug|Any CPU
		{ED2A920D-F224-4702-9563-CE571DDADAEF}.Debug|Any CPU.Build.0 = Debug|Any CPU
		{ED2A920D-F224-4702-9563-CE571DDADAEF}.Release|Any CPU.ActiveCfg = Release|Any CPU
		{ED2A920D-F224-4702-9563-CE571DDADAEF}.Release|Any CPU.Build.0 = Release|Any CPU
		{B0E76F22-C8EC-41B7-8ED8-9B7CB418910C}.Debug|Any CPU.ActiveCfg = Debug|Any CPU
		{B0E76F22-C8EC-41B7-8ED8-9B7CB418910C}.Debug|Any CPU.Build.0 = Debug|Any CPU
		{B0E76F22-C8EC-41B7-8ED8-9B7CB418910C}.Release|Any CPU.ActiveCfg = Release|Any CPU
		{B0E76F22-C8EC-41B7-8ED8-9B7CB418910C}.Release|Any CPU.Build.0 = Release|Any CPU
		{2360A4BB-FDBA-4A81-AFA0-E1671E7F5209}.Debug|Any CPU.ActiveCfg = Debug|Any CPU
		{2360A4BB-FDBA-4A81-AFA0-E1671E7F5209}.Debug|Any CPU.Build.0 = Debug|Any CPU
		{2360A4BB-FDBA-4A81-AFA0-E1671E7F5209}.Release|Any CPU.ActiveCfg = Release|Any CPU
		{2360A4BB-FDBA-4A81-AFA0-E1671E7F5209}.Release|Any CPU.Build.0 = Release|Any CPU
		{AEC9BC91-BBD9-49FA-9D6B-DF6524EA2EFB}.Debug|Any CPU.ActiveCfg = Debug|Any CPU
		{AEC9BC91-BBD9-49FA-9D6B-DF6524EA2EFB}.Debug|Any CPU.Build.0 = Debug|Any CPU
		{AEC9BC91-BBD9-49FA-9D6B-DF6524EA2EFB}.Release|Any CPU.ActiveCfg = Release|Any CPU
		{AEC9BC91-BBD9-49FA-9D6B-DF6524EA2EFB}.Release|Any CPU.Build.0 = Release|Any CPU
		{E6F09599-6C48-4D09-976F-2309884E1924}.Debug|Any CPU.ActiveCfg = Debug|Any CPU
		{E6F09599-6C48-4D09-976F-2309884E1924}.Debug|Any CPU.Build.0 = Debug|Any CPU
		{E6F09599-6C48-4D09-976F-2309884E1924}.Release|Any CPU.ActiveCfg = Release|Any CPU
		{E6F09599-6C48-4D09-976F-2309884E1924}.Release|Any CPU.Build.0 = Release|Any CPU
		{A75D2C13-1380-42AE-A461-002934C13F81}.Debug|Any CPU.ActiveCfg = Debug|Any CPU
		{A75D2C13-1380-42AE-A461-002934C13F81}.Debug|Any CPU.Build.0 = Debug|Any CPU
		{A75D2C13-1380-42AE-A461-002934C13F81}.Release|Any CPU.ActiveCfg = Release|Any CPU
		{A75D2C13-1380-42AE-A461-002934C13F81}.Release|Any CPU.Build.0 = Release|Any CPU
		{AA5B0D96-B909-4520-8C48-81E8A7D372F8}.Debug|Any CPU.ActiveCfg = Debug|Any CPU
		{AA5B0D96-B909-4520-8C48-81E8A7D372F8}.Debug|Any CPU.Build.0 = Debug|Any CPU
		{AA5B0D96-B909-4520-8C48-81E8A7D372F8}.Release|Any CPU.ActiveCfg = Release|Any CPU
		{AA5B0D96-B909-4520-8C48-81E8A7D372F8}.Release|Any CPU.Build.0 = Release|Any CPU
		{DCD9F6EF-33C1-4DEF-AEF8-8610A7E8DC06}.Debug|Any CPU.ActiveCfg = Debug|Any CPU
		{DCD9F6EF-33C1-4DEF-AEF8-8610A7E8DC06}.Debug|Any CPU.Build.0 = Debug|Any CPU
		{DCD9F6EF-33C1-4DEF-AEF8-8610A7E8DC06}.Release|Any CPU.ActiveCfg = Release|Any CPU
		{DCD9F6EF-33C1-4DEF-AEF8-8610A7E8DC06}.Release|Any CPU.Build.0 = Release|Any CPU
		{DEAE04F6-29B5-4879-89FE-9EAAAB77B9E3}.Debug|Any CPU.ActiveCfg = Debug|Any CPU
		{DEAE04F6-29B5-4879-89FE-9EAAAB77B9E3}.Debug|Any CPU.Build.0 = Debug|Any CPU
		{DEAE04F6-29B5-4879-89FE-9EAAAB77B9E3}.Release|Any CPU.ActiveCfg = Release|Any CPU
		{DEAE04F6-29B5-4879-89FE-9EAAAB77B9E3}.Release|Any CPU.Build.0 = Release|Any CPU
	EndGlobalSection
	GlobalSection(NestedProjects) = preSolution
		{12CB8A6C-0BA8-45D2-8571-F731BB5D98ED} = {53E3F113-9383-4B7C-A260-B2A6B21AFEC8}
		{2360A4BB-FDBA-4A81-AFA0-E1671E7F5209} = {AC8BE173-EAB8-4F09-B112-3DF4CDAA26D6}
		{AEC9BC91-BBD9-49FA-9D6B-DF6524EA2EFB} = {AC8BE173-EAB8-4F09-B112-3DF4CDAA26D6}
		{E6F09599-6C48-4D09-976F-2309884E1924} = {AC8BE173-EAB8-4F09-B112-3DF4CDAA26D6}
		{A75D2C13-1380-42AE-A461-002934C13F81} = {AC8BE173-EAB8-4F09-B112-3DF4CDAA26D6}
		{AA5B0D96-B909-4520-8C48-81E8A7D372F8} = {53E3F113-9383-4B7C-A260-B2A6B21AFEC8}
		{DCD9F6EF-33C1-4DEF-AEF8-8610A7E8DC06} = {53E3F113-9383-4B7C-A260-B2A6B21AFEC8}
		{DEAE04F6-29B5-4879-89FE-9EAAAB77B9E3} = {53E3F113-9383-4B7C-A260-B2A6B21AFEC8}
	EndGlobalSection
EndGlobal
